// !$*UTF8*$!
{
	archiveVersion = 1;
	classes = {
	};
	objectVersion = 50;
	objects = {

/* Begin PBXBuildFile section */
		845F6378215CFF87008BF838 /* GameViewController.swift in Sources */ = {isa = PBXBuildFile; fileRef = 845F6377215CFF87008BF838 /* GameViewController.swift */; };
		845F6388215D0066008BF838 /* Constants.swift in Sources */ = {isa = PBXBuildFile; fileRef = 845F6387215D0066008BF838 /* Constants.swift */; };
		845F638A215D008B008BF838 /* GameState.swift in Sources */ = {isa = PBXBuildFile; fileRef = 845F6389215D008B008BF838 /* GameState.swift */; };
		845F638C215D009E008BF838 /* GameScene+NodeConfig.swift in Sources */ = {isa = PBXBuildFile; fileRef = 845F638B215D009E008BF838 /* GameScene+NodeConfig.swift */; };
		845F6392215D0105008BF838 /* shine.sks in Resources */ = {isa = PBXBuildFile; fileRef = 845F6390215D0105008BF838 /* shine.sks */; };
		845F6393215D0105008BF838 /* spark.sks in Resources */ = {isa = PBXBuildFile; fileRef = 845F6391215D0105008BF838 /* spark.sks */; };
		845F6396215D010E008BF838 /* DJVI-Back On Track.mp3 in Resources */ = {isa = PBXBuildFile; fileRef = 845F6394215D010E008BF838 /* DJVI-Back On Track.mp3 */; };
		845F6397215D010E008BF838 /* MyParticle.sks in Resources */ = {isa = PBXBuildFile; fileRef = 845F6395215D010E008BF838 /* MyParticle.sks */; };
		845F639A215DD033008BF838 /* Ship.swift in Sources */ = {isa = PBXBuildFile; fileRef = 845F6399215DD033008BF838 /* Ship.swift */; };
		845F639F215E2667008BF838 /* HomeViewController.swift in Sources */ = {isa = PBXBuildFile; fileRef = 845F639E215E2667008BF838 /* HomeViewController.swift */; };
		845F63A2215E2773008BF838 /* ActionButton.swift in Sources */ = {isa = PBXBuildFile; fileRef = 845F63A1215E2773008BF838 /* ActionButton.swift */; };
		845F63AB215E3E17008BF838 /* LaunchScreen.storyboard in Resources */ = {isa = PBXBuildFile; fileRef = 845F63A4215E3E12008BF838 /* LaunchScreen.storyboard */; };
		845F63AC215E3E17008BF838 /* Main.storyboard in Resources */ = {isa = PBXBuildFile; fileRef = 845F63A6215E3E12008BF838 /* Main.storyboard */; };
		845F63AD215E3E17008BF838 /* GameScene.sks in Resources */ = {isa = PBXBuildFile; fileRef = 845F63A8215E3E12008BF838 /* GameScene.sks */; };
		845F63AE215E3E17008BF838 /* AppDelegate.swift in Sources */ = {isa = PBXBuildFile; fileRef = 845F63A9215E3E12008BF838 /* AppDelegate.swift */; };
		845F63AF215E3E17008BF838 /* Actions.sks in Resources */ = {isa = PBXBuildFile; fileRef = 845F63AA215E3E12008BF838 /* Actions.sks */; };
		845F63B3215E3E8D008BF838 /* GameScene.swift in Sources */ = {isa = PBXBuildFile; fileRef = 845F63B2215E3E8C008BF838 /* GameScene.swift */; };
		845F63B5215E4385008BF838 /* ScoreViewController.swift in Sources */ = {isa = PBXBuildFile; fileRef = 845F63B4215E4385008BF838 /* ScoreViewController.swift */; };
		845F63B7215E4BDC008BF838 /* Beer.swift in Sources */ = {isa = PBXBuildFile; fileRef = 845F63B6215E4BDC008BF838 /* Beer.swift */; };
		845F63B9215E50B9008BF838 /* SKSpriteNode+aspectFill.swift in Sources */ = {isa = PBXBuildFile; fileRef = 845F63B8215E50B9008BF838 /* SKSpriteNode+aspectFill.swift */; };
		845F63BC215E5CEF008BF838 /* gulp-1.mp3 in Resources */ = {isa = PBXBuildFile; fileRef = 845F63BB215E5CEF008BF838 /* gulp-1.mp3 */; };
		845F63BE215E5F77008BF838 /* soundtrack.mp3 in Resources */ = {isa = PBXBuildFile; fileRef = 845F63BD215E5F77008BF838 /* soundtrack.mp3 */; };
		845F63C0215E61BB008BF838 /* Assets.xcassets in Resources */ = {isa = PBXBuildFile; fileRef = 845F63BF215E61BA008BF838 /* Assets.xcassets */; };
/* End PBXBuildFile section */

/* Begin PBXFileReference section */
		845F636C215CFF87008BF838 /* All Saints.app */ = {isa = PBXFileReference; explicitFileType = wrapper.application; includeInIndex = 0; path = "All Saints.app"; sourceTree = BUILT_PRODUCTS_DIR; };
		845F6377215CFF87008BF838 /* GameViewController.swift */ = {isa = PBXFileReference; lastKnownFileType = sourcecode.swift; path = GameViewController.swift; sourceTree = "<group>"; };
		845F6381215CFF88008BF838 /* Info.plist */ = {isa = PBXFileReference; lastKnownFileType = text.plist.xml; path = Info.plist; sourceTree = "<group>"; };
		845F6387215D0066008BF838 /* Constants.swift */ = {isa = PBXFileReference; lastKnownFileType = sourcecode.swift; path = Constants.swift; sourceTree = "<group>"; };
		845F6389215D008B008BF838 /* GameState.swift */ = {isa = PBXFileReference; lastKnownFileType = sourcecode.swift; path = GameState.swift; sourceTree = "<group>"; };
		845F638B215D009E008BF838 /* GameScene+NodeConfig.swift */ = {isa = PBXFileReference; lastKnownFileType = sourcecode.swift; path = "GameScene+NodeConfig.swift"; sourceTree = "<group>"; };
		845F6390215D0105008BF838 /* shine.sks */ = {isa = PBXFileReference; lastKnownFileType = file.sks; path = shine.sks; sourceTree = "<group>"; };
		845F6391215D0105008BF838 /* spark.sks */ = {isa = PBXFileReference; lastKnownFileType = file.sks; path = spark.sks; sourceTree = "<group>"; };
		845F6394215D010E008BF838 /* DJVI-Back On Track.mp3 */ = {isa = PBXFileReference; lastKnownFileType = audio.mp3; path = "DJVI-Back On Track.mp3"; sourceTree = "<group>"; };
		845F6395215D010E008BF838 /* MyParticle.sks */ = {isa = PBXFileReference; lastKnownFileType = file.sks; path = MyParticle.sks; sourceTree = "<group>"; };
		845F6399215DD033008BF838 /* Ship.swift */ = {isa = PBXFileReference; lastKnownFileType = sourcecode.swift; path = Ship.swift; sourceTree = "<group>"; };
		845F639E215E2667008BF838 /* HomeViewController.swift */ = {isa = PBXFileReference; lastKnownFileType = sourcecode.swift; path = HomeViewController.swift; sourceTree = "<group>"; };
		845F63A1215E2773008BF838 /* ActionButton.swift */ = {isa = PBXFileReference; lastKnownFileType = sourcecode.swift; path = ActionButton.swift; sourceTree = "<group>"; };
		845F63A5215E3E12008BF838 /* Base */ = {isa = PBXFileReference; lastKnownFileType = file.storyboard; name = Base; path = Base.lproj/LaunchScreen.storyboard; sourceTree = "<group>"; };
		845F63A7215E3E12008BF838 /* Base */ = {isa = PBXFileReference; lastKnownFileType = file.storyboard; name = Base; path = Base.lproj/Main.storyboard; sourceTree = "<group>"; };
		845F63A8215E3E12008BF838 /* GameScene.sks */ = {isa = PBXFileReference; lastKnownFileType = file.sks; path = GameScene.sks; sourceTree = "<group>"; };
		845F63A9215E3E12008BF838 /* AppDelegate.swift */ = {isa = PBXFileReference; fileEncoding = 4; lastKnownFileType = sourcecode.swift; path = AppDelegate.swift; sourceTree = "<group>"; };
		845F63AA215E3E12008BF838 /* Actions.sks */ = {isa = PBXFileReference; lastKnownFileType = file.sks; path = Actions.sks; sourceTree = "<group>"; };
		845F63B2215E3E8C008BF838 /* GameScene.swift */ = {isa = PBXFileReference; fileEncoding = 4; lastKnownFileType = sourcecode.swift; path = GameScene.swift; sourceTree = "<group>"; };
		845F63B4215E4385008BF838 /* ScoreViewController.swift */ = {isa = PBXFileReference; lastKnownFileType = sourcecode.swift; path = ScoreViewController.swift; sourceTree = "<group>"; };
		845F63B6215E4BDC008BF838 /* Beer.swift */ = {isa = PBXFileReference; lastKnownFileType = sourcecode.swift; path = Beer.swift; sourceTree = "<group>"; };
		845F63B8215E50B9008BF838 /* SKSpriteNode+aspectFill.swift */ = {isa = PBXFileReference; lastKnownFileType = sourcecode.swift; path = "SKSpriteNode+aspectFill.swift"; sourceTree = "<group>"; };
		845F63BB215E5CEF008BF838 /* gulp-1.mp3 */ = {isa = PBXFileReference; lastKnownFileType = audio.mp3; path = "gulp-1.mp3"; sourceTree = "<group>"; };
		845F63BD215E5F77008BF838 /* soundtrack.mp3 */ = {isa = PBXFileReference; lastKnownFileType = audio.mp3; path = soundtrack.mp3; sourceTree = "<group>"; };
		845F63BF215E61BA008BF838 /* Assets.xcassets */ = {isa = PBXFileReference; lastKnownFileType = folder.assetcatalog; path = Assets.xcassets; sourceTree = "<group>"; };
/* End PBXFileReference section */

/* Begin PBXFrameworksBuildPhase section */
		845F6369215CFF87008BF838 /* Frameworks */ = {
			isa = PBXFrameworksBuildPhase;
			buildActionMask = 2147483647;
			files = (
			);
			runOnlyForDeploymentPostprocessing = 0;
		};
/* End PBXFrameworksBuildPhase section */

/* Begin PBXGroup section */
		845F6363215CFF87008BF838 = {
			isa = PBXGroup;
			children = (
				845F636E215CFF87008BF838 /* All Saints */,
				845F636D215CFF87008BF838 /* Products */,
			);
			sourceTree = "<group>";
		};
		845F636D215CFF87008BF838 /* Products */ = {
			isa = PBXGroup;
			children = (
				845F636C215CFF87008BF838 /* All Saints.app */,
			);
			name = Products;
			sourceTree = "<group>";
		};
		845F636E215CFF87008BF838 /* All Saints */ = {
			isa = PBXGroup;
			children = (
				845F63BA215E5C66008BF838 /* Sounds */,
				845F63A0215E275F008BF838 /* Views */,
				845F639B215E262A008BF838 /* Controllers */,
				845F6398215DD023008BF838 /* Nodes */,
				845F638D215D00D4008BF838 /* Media */,
				845F63A3215E3E12008BF838 /* misc */,
				845F6377215CFF87008BF838 /* GameViewController.swift */,
				845F63B2215E3E8C008BF838 /* GameScene.swift */,
				845F6381215CFF88008BF838 /* Info.plist */,
				845F6387215D0066008BF838 /* Constants.swift */,
				845F6389215D008B008BF838 /* GameState.swift */,
				845F638B215D009E008BF838 /* GameScene+NodeConfig.swift */,
				845F63B8215E50B9008BF838 /* SKSpriteNode+aspectFill.swift */,
			);
			path = "All Saints";
			sourceTree = "<group>";
		};
		845F638D215D00D4008BF838 /* Media */ = {
			isa = PBXGroup;
			children = (
				845F63BF215E61BA008BF838 /* Assets.xcassets */,
				845F6391215D0105008BF838 /* spark.sks */,
				845F6390215D0105008BF838 /* shine.sks */,
				845F6394215D010E008BF838 /* DJVI-Back On Track.mp3 */,
				845F6395215D010E008BF838 /* MyParticle.sks */,
			);
			path = Media;
			sourceTree = "<group>";
		};
		845F6398215DD023008BF838 /* Nodes */ = {
			isa = PBXGroup;
			children = (
				845F6399215DD033008BF838 /* Ship.swift */,
				845F63B6215E4BDC008BF838 /* Beer.swift */,
			);
			path = Nodes;
			sourceTree = "<group>";
		};
		845F639B215E262A008BF838 /* Controllers */ = {
			isa = PBXGroup;
			children = (
				845F639E215E2667008BF838 /* HomeViewController.swift */,
				845F63B4215E4385008BF838 /* ScoreViewController.swift */,
			);
			path = Controllers;
			sourceTree = "<group>";
		};
		845F63A0215E275F008BF838 /* Views */ = {
			isa = PBXGroup;
			children = (
				845F63A1215E2773008BF838 /* ActionButton.swift */,
			);
			path = Views;
			sourceTree = "<group>";
		};
		845F63A3215E3E12008BF838 /* misc */ = {
			isa = PBXGroup;
			children = (
				845F63A4215E3E12008BF838 /* LaunchScreen.storyboard */,
				845F63A6215E3E12008BF838 /* Main.storyboard */,
				845F63A8215E3E12008BF838 /* GameScene.sks */,
				845F63A9215E3E12008BF838 /* AppDelegate.swift */,
				845F63AA215E3E12008BF838 /* Actions.sks */,
			);
			path = misc;
			sourceTree = "<group>";
		};
		845F63BA215E5C66008BF838 /* Sounds */ = {
			isa = PBXGroup;
			children = (
				845F63BD215E5F77008BF838 /* soundtrack.mp3 */,
				845F63BB215E5CEF008BF838 /* gulp-1.mp3 */,
			);
			path = Sounds;
			sourceTree = "<group>";
		};
/* End PBXGroup section */

/* Begin PBXNativeTarget section */
		845F636B215CFF87008BF838 /* All Saints */ = {
			isa = PBXNativeTarget;
			buildConfigurationList = 845F6384215CFF88008BF838 /* Build configuration list for PBXNativeTarget "All Saints" */;
			buildPhases = (
				845F6368215CFF87008BF838 /* Sources */,
				845F6369215CFF87008BF838 /* Frameworks */,
				845F636A215CFF87008BF838 /* Resources */,
			);
			buildRules = (
			);
			dependencies = (
			);
			name = "All Saints";
			productName = "All Saints";
			productReference = 845F636C215CFF87008BF838 /* All Saints.app */;
			productType = "com.apple.product-type.application";
		};
/* End PBXNativeTarget section */

/* Begin PBXProject section */
		845F6364215CFF87008BF838 /* Project object */ = {
			isa = PBXProject;
			attributes = {
				LastSwiftUpdateCheck = 1000;
				LastUpgradeCheck = 1000;
				ORGANIZATIONNAME = DAR;
				TargetAttributes = {
					845F636B215CFF87008BF838 = {
						CreatedOnToolsVersion = 10.0;
					};
				};
			};
			buildConfigurationList = 845F6367215CFF87008BF838 /* Build configuration list for PBXProject "All Saints" */;
			compatibilityVersion = "Xcode 9.3";
			developmentRegion = en;
			hasScannedForEncodings = 0;
			knownRegions = (
				en,
				Base,
			);
			mainGroup = 845F6363215CFF87008BF838;
			productRefGroup = 845F636D215CFF87008BF838 /* Products */;
			projectDirPath = "";
			projectRoot = "";
			targets = (
				845F636B215CFF87008BF838 /* All Saints */,
			);
		};
/* End PBXProject section */

/* Begin PBXResourcesBuildPhase section */
		845F636A215CFF87008BF838 /* Resources */ = {
			isa = PBXResourcesBuildPhase;
			buildActionMask = 2147483647;
			files = (
				845F6393215D0105008BF838 /* spark.sks in Resources */,
				845F6396215D010E008BF838 /* DJVI-Back On Track.mp3 in Resources */,
				845F63AB215E3E17008BF838 /* LaunchScreen.storyboard in Resources */,
				845F63AD215E3E17008BF838 /* GameScene.sks in Resources */,
				845F6392215D0105008BF838 /* shine.sks in Resources */,
				845F63BC215E5CEF008BF838 /* gulp-1.mp3 in Resources */,
				845F63AC215E3E17008BF838 /* Main.storyboard in Resources */,
				845F63BE215E5F77008BF838 /* soundtrack.mp3 in Resources */,
				845F63AF215E3E17008BF838 /* Actions.sks in Resources */,
				845F6397215D010E008BF838 /* MyParticle.sks in Resources */,
				845F63C0215E61BB008BF838 /* Assets.xcassets in Resources */,
			);
			runOnlyForDeploymentPostprocessing = 0;
		};
/* End PBXResourcesBuildPhase section */

/* Begin PBXSourcesBuildPhase section */
		845F6368215CFF87008BF838 /* Sources */ = {
			isa = PBXSourcesBuildPhase;
			buildActionMask = 2147483647;
			files = (
				845F638C215D009E008BF838 /* GameScene+NodeConfig.swift in Sources */,
				845F63B9215E50B9008BF838 /* SKSpriteNode+aspectFill.swift in Sources */,
				845F6378215CFF87008BF838 /* GameViewController.swift in Sources */,
				845F639F215E2667008BF838 /* HomeViewController.swift in Sources */,
				845F63B7215E4BDC008BF838 /* Beer.swift in Sources */,
				845F63B3215E3E8D008BF838 /* GameScene.swift in Sources */,
				845F638A215D008B008BF838 /* GameState.swift in Sources */,
				845F63A2215E2773008BF838 /* ActionButton.swift in Sources */,
				845F639A215DD033008BF838 /* Ship.swift in Sources */,
				845F63B5215E4385008BF838 /* ScoreViewController.swift in Sources */,
				845F63AE215E3E17008BF838 /* AppDelegate.swift in Sources */,
				845F6388215D0066008BF838 /* Constants.swift in Sources */,
			);
			runOnlyForDeploymentPostprocessing = 0;
		};
/* End PBXSourcesBuildPhase section */

/* Begin PBXVariantGroup section */
		845F63A4215E3E12008BF838 /* LaunchScreen.storyboard */ = {
			isa = PBXVariantGroup;
			children = (
				845F63A5215E3E12008BF838 /* Base */,
			);
			name = LaunchScreen.storyboard;
			sourceTree = "<group>";
		};
		845F63A6215E3E12008BF838 /* Main.storyboard */ = {
			isa = PBXVariantGroup;
			children = (
				845F63A7215E3E12008BF838 /* Base */,
			);
			name = Main.storyboard;
			sourceTree = "<group>";
		};
/* End PBXVariantGroup section */

/* Begin XCBuildConfiguration section */
		845F6382215CFF88008BF838 /* Debug */ = {
			isa = XCBuildConfiguration;
			buildSettings = {
				ALWAYS_SEARCH_USER_PATHS = NO;
				CLANG_ANALYZER_NONNULL = YES;
				CLANG_ANALYZER_NUMBER_OBJECT_CONVERSION = YES_AGGRESSIVE;
				CLANG_CXX_LANGUAGE_STANDARD = "gnu++14";
				CLANG_CXX_LIBRARY = "libc++";
				CLANG_ENABLE_MODULES = YES;
				CLANG_ENABLE_OBJC_ARC = YES;
				CLANG_ENABLE_OBJC_WEAK = YES;
				CLANG_WARN_BLOCK_CAPTURE_AUTORELEASING = YES;
				CLANG_WARN_BOOL_CONVERSION = YES;
				CLANG_WARN_COMMA = YES;
				CLANG_WARN_CONSTANT_CONVERSION = YES;
				CLANG_WARN_DEPRECATED_OBJC_IMPLEMENTATIONS = YES;
				CLANG_WARN_DIRECT_OBJC_ISA_USAGE = YES_ERROR;
				CLANG_WARN_DOCUMENTATION_COMMENTS = YES;
				CLANG_WARN_EMPTY_BODY = YES;
				CLANG_WARN_ENUM_CONVERSION = YES;
				CLANG_WARN_INFINITE_RECURSION = YES;
				CLANG_WARN_INT_CONVERSION = YES;
				CLANG_WARN_NON_LITERAL_NULL_CONVERSION = YES;
				CLANG_WARN_OBJC_IMPLICIT_RETAIN_SELF = YES;
				CLANG_WARN_OBJC_LITERAL_CONVERSION = YES;
				CLANG_WARN_OBJC_ROOT_CLASS = YES_ERROR;
				CLANG_WARN_RANGE_LOOP_ANALYSIS = YES;
				CLANG_WARN_STRICT_PROTOTYPES = YES;
				CLANG_WARN_SUSPICIOUS_MOVE = YES;
				CLANG_WARN_UNGUARDED_AVAILABILITY = YES_AGGRESSIVE;
				CLANG_WARN_UNREACHABLE_CODE = YES;
				CLANG_WARN__DUPLICATE_METHOD_MATCH = YES;
				CODE_SIGN_IDENTITY = "iPhone Developer";
				COPY_PHASE_STRIP = NO;
				DEBUG_INFORMATION_FORMAT = dwarf;
				ENABLE_STRICT_OBJC_MSGSEND = YES;
				ENABLE_TESTABILITY = YES;
				GCC_C_LANGUAGE_STANDARD = gnu11;
				GCC_DYNAMIC_NO_PIC = NO;
				GCC_NO_COMMON_BLOCKS = YES;
				GCC_OPTIMIZATION_LEVEL = 0;
				GCC_PREPROCESSOR_DEFINITIONS = (
					"DEBUG=1",
					"$(inherited)",
				);
				GCC_WARN_64_TO_32_BIT_CONVERSION = YES;
				GCC_WARN_ABOUT_RETURN_TYPE = YES_ERROR;
				GCC_WARN_UNDECLARED_SELECTOR = YES;
				GCC_WARN_UNINITIALIZED_AUTOS = YES_AGGRESSIVE;
				GCC_WARN_UNUSED_FUNCTION = YES;
				GCC_WARN_UNUSED_VARIABLE = YES;
				IPHONEOS_DEPLOYMENT_TARGET = 12.0;
				MTL_ENABLE_DEBUG_INFO = INCLUDE_SOURCE;
				MTL_FAST_MATH = YES;
				ONLY_ACTIVE_ARCH = YES;
				SDKROOT = iphoneos;
				SWIFT_ACTIVE_COMPILATION_CONDITIONS = DEBUG;
				SWIFT_OPTIMIZATION_LEVEL = "-Onone";
			};
			name = Debug;
		};
		845F6383215CFF88008BF838 /* Release */ = {
			isa = XCBuildConfiguration;
			buildSettings = {
				ALWAYS_SEARCH_USER_PATHS = NO;
				CLANG_ANALYZER_NONNULL = YES;
				CLANG_ANALYZER_NUMBER_OBJECT_CONVERSION = YES_AGGRESSIVE;
				CLANG_CXX_LANGUAGE_STANDARD = "gnu++14";
				CLANG_CXX_LIBRARY = "libc++";
				CLANG_ENABLE_MODULES = YES;
				CLANG_ENABLE_OBJC_ARC = YES;
				CLANG_ENABLE_OBJC_WEAK = YES;
				CLANG_WARN_BLOCK_CAPTURE_AUTORELEASING = YES;
				CLANG_WARN_BOOL_CONVERSION = YES;
				CLANG_WARN_COMMA = YES;
				CLANG_WARN_CONSTANT_CONVERSION = YES;
				CLANG_WARN_DEPRECATED_OBJC_IMPLEMENTATIONS = YES;
				CLANG_WARN_DIRECT_OBJC_ISA_USAGE = YES_ERROR;
				CLANG_WARN_DOCUMENTATION_COMMENTS = YES;
				CLANG_WARN_EMPTY_BODY = YES;
				CLANG_WARN_ENUM_CONVERSION = YES;
				CLANG_WARN_INFINITE_RECURSION = YES;
				CLANG_WARN_INT_CONVERSION = YES;
				CLANG_WARN_NON_LITERAL_NULL_CONVERSION = YES;
				CLANG_WARN_OBJC_IMPLICIT_RETAIN_SELF = YES;
				CLANG_WARN_OBJC_LITERAL_CONVERSION = YES;
				CLANG_WARN_OBJC_ROOT_CLASS = YES_ERROR;
				CLANG_WARN_RANGE_LOOP_ANALYSIS = YES;
				CLANG_WARN_STRICT_PROTOTYPES = YES;
				CLANG_WARN_SUSPICIOUS_MOVE = YES;
				CLANG_WARN_UNGUARDED_AVAILABILITY = YES_AGGRESSIVE;
				CLANG_WARN_UNREACHABLE_CODE = YES;
				CLANG_WARN__DUPLICATE_METHOD_MATCH = YES;
				CODE_SIGN_IDENTITY = "iPhone Developer";
				COPY_PHASE_STRIP = NO;
				DEBUG_INFORMATION_FORMAT = "dwarf-with-dsym";
				ENABLE_NS_ASSERTIONS = NO;
				ENABLE_STRICT_OBJC_MSGSEND = YES;
				GCC_C_LANGUAGE_STANDARD = gnu11;
				GCC_NO_COMMON_BLOCKS = YES;
				GCC_WARN_64_TO_32_BIT_CONVERSION = YES;
				GCC_WARN_ABOUT_RETURN_TYPE = YES_ERROR;
				GCC_WARN_UNDECLARED_SELECTOR = YES;
				GCC_WARN_UNINITIALIZED_AUTOS = YES_AGGRESSIVE;
				GCC_WARN_UNUSED_FUNCTION = YES;
				GCC_WARN_UNUSED_VARIABLE = YES;
				IPHONEOS_DEPLOYMENT_TARGET = 12.0;
				MTL_ENABLE_DEBUG_INFO = NO;
				MTL_FAST_MATH = YES;
				SDKROOT = iphoneos;
				SWIFT_COMPILATION_MODE = wholemodule;
				SWIFT_OPTIMIZATION_LEVEL = "-O";
				VALIDATE_PRODUCT = YES;
			};
			name = Release;
		};
		845F6385215CFF88008BF838 /* Debug */ = {
			isa = XCBuildConfiguration;
			buildSettings = {
				ASSETCATALOG_COMPILER_APPICON_NAME = AppIcon;
				CODE_SIGN_STYLE = Manual;
				DEVELOPMENT_TEAM = R87MWZ88KR;
				INFOPLIST_FILE = "All Saints/Info.plist";
				IPHONEOS_DEPLOYMENT_TARGET = 10.0;
				LD_RUNPATH_SEARCH_PATHS = (
					"$(inherited)",
					"@executable_path/Frameworks",
				);
				PRODUCT_BUNDLE_IDENTIFIER = kz.dar.allsaints;
				PRODUCT_NAME = "$(TARGET_NAME)";
				PROVISIONING_PROFILE_SPECIFIER = "match Development kz.dar.allsaints";
				SWIFT_VERSION = 4.2;
				TARGETED_DEVICE_FAMILY = "1,2";
			};
			name = Debug;
		};
		845F6386215CFF88008BF838 /* Release */ = {
			isa = XCBuildConfiguration;
			buildSettings = {
				ASSETCATALOG_COMPILER_APPICON_NAME = AppIcon;
				CODE_SIGN_STYLE = Manual;
				DEVELOPMENT_TEAM = "";
				INFOPLIST_FILE = "All Saints/Info.plist";
				IPHONEOS_DEPLOYMENT_TARGET = 10.0;
				LD_RUNPATH_SEARCH_PATHS = (
					"$(inherited)",
					"@executable_path/Frameworks",
				);
				PRODUCT_BUNDLE_IDENTIFIER = kz.dar.allsaints;
				PRODUCT_NAME = "$(TARGET_NAME)";
				PROVISIONING_PROFILE_SPECIFIER = "";
				SWIFT_VERSION = 4.2;
				TARGETED_DEVICE_FAMILY = "1,2";
			};
			name = Release;
		};
/* End XCBuildConfiguration section */

/* Begin XCConfigurationList section */
		845F6367215CFF87008BF838 /* Build configuration list for PBXProject "All Saints" */ = {
			isa = XCConfigurationList;
			buildConfigurations = (
				845F6382215CFF88008BF838 /* Debug */,
				845F6383215CFF88008BF838 /* Release */,
			);
			defaultConfigurationIsVisible = 0;
			defaultConfigurationName = Release;
		};
		845F6384215CFF88008BF838 /* Build configuration list for PBXNativeTarget "All Saints" */ = {
			isa = XCConfigurationList;
			buildConfigurations = (
				845F6385215CFF88008BF838 /* Debug */,
				845F6386215CFF88008BF838 /* Release */,
			);
			defaultConfigurationIsVisible = 0;
			defaultConfigurationName = Release;
		};
/* End XCConfigurationList section */
	};
	rootObject = 845F6364215CFF87008BF838 /* Project object */;
}
